%{"datastructures": {:hex, :datastructures, "0.2.6", "fe0fd2566886c79c072024acb7a062eaed56b06a87931526daefbdc12d902dee", [:mix], []},
  "derp": {:git, "git://github.com/meh/derp.git", "7ed055d860292cb590d6505f44876c0311eef546", []},
  "earmark": {:hex, :earmark, "1.1.1", "433136b7f2e99cde88b745b3a0cfc3fbc81fe58b918a09b40fce7f00db4d8187", [:mix], []},
  "ex_doc": {:hex, :ex_doc, "0.14.5", "c0433c8117e948404d93ca69411dd575ec6be39b47802e81ca8d91017a0cf83c", [:mix], [{:earmark, "~> 1.0", [hex: :earmark, optional: false]}]},
  "exts": {:hex, :exts, "0.3.3", "f03027317eb2a672ec53bb675bad6670e943edf1dfafa3097a7d3367cb630ebc", [:mix], [{:datastructures, "~> 0.2", [hex: :datastructures, optional: false]}]},
  "socket": {:hex, :socket, "0.3.7", "68c029a8449fc6efc5f4c3bdf6d8b19ca94d3304e419f364c5cfc8b716f7c219", [:mix], []}}
